# This file is automatically @generated by Poetry 1.4.0 and should not be changed by hand.

[[package]]
name = "colorama"
version = "0.4.6"
description = "Cross-platform colored terminal text."
category = "dev"
optional = false
python-versions = "!=3.0.*,!=3.1.*,!=3.2.*,!=3.3.*,!=3.4.*,!=3.5.*,!=3.6.*,>=2.7"
files = [
    {file = "colorama-0.4.6-py2.py3-none-any.whl", hash = "sha256:4f1d9991f5acc0ca119f9d443620b77f9d6b33703e51011c16baf57afb285fc6"},
    {file = "colorama-0.4.6.tar.gz", hash = "sha256:08695f5cb7ed6e0531a20572697297273c47b8cae5a63ffc6d6ed5c201be6e44"},
]

[[package]]
name = "coverage"
version = "7.4.4"
description = "Code coverage measurement for Python"
category = "dev"
optional = false
python-versions = ">=3.8"
files = [
    {file = "coverage-7.4.4-cp310-cp310-macosx_10_9_x86_64.whl", hash = "sha256:e0be5efd5127542ef31f165de269f77560d6cdef525fffa446de6f7e9186cfb2"},
    {file = "coverage-7.4.4-cp310-cp310-macosx_11_0_arm64.whl", hash = "sha256:ccd341521be3d1b3daeb41960ae94a5e87abe2f46f17224ba5d6f2b8398016cf"},
    {file = "coverage-7.4.4-cp310-cp310-manylinux_2_17_aarch64.manylinux2014_aarch64.whl", hash = "sha256:09fa497a8ab37784fbb20ab699c246053ac294d13fc7eb40ec007a5043ec91f8"},
    {file = "coverage-7.4.4-cp310-cp310-manylinux_2_5_i686.manylinux1_i686.manylinux_2_17_i686.manylinux2014_i686.whl", hash = "sha256:b1a93009cb80730c9bca5d6d4665494b725b6e8e157c1cb7f2db5b4b122ea562"},
    {file = "coverage-7.4.4-cp310-cp310-manylinux_2_5_x86_64.manylinux1_x86_64.manylinux_2_17_x86_64.manylinux2014_x86_64.whl", hash = "sha256:690db6517f09336559dc0b5f55342df62370a48f5469fabf502db2c6d1cffcd2"},
    {file = "coverage-7.4.4-cp310-cp310-musllinux_1_1_aarch64.whl", hash = "sha256:09c3255458533cb76ef55da8cc49ffab9e33f083739c8bd4f58e79fecfe288f7"},
    {file = "coverage-7.4.4-cp310-cp310-musllinux_1_1_i686.whl", hash = "sha256:8ce1415194b4a6bd0cdcc3a1dfbf58b63f910dcb7330fe15bdff542c56949f87"},
    {file = "coverage-7.4.4-cp310-cp310-musllinux_1_1_x86_64.whl", hash = "sha256:b91cbc4b195444e7e258ba27ac33769c41b94967919f10037e6355e998af255c"},
    {file = "coverage-7.4.4-cp310-cp310-win32.whl", hash = "sha256:598825b51b81c808cb6f078dcb972f96af96b078faa47af7dfcdf282835baa8d"},
    {file = "coverage-7.4.4-cp310-cp310-win_amd64.whl", hash = "sha256:09ef9199ed6653989ebbcaacc9b62b514bb63ea2f90256e71fea3ed74bd8ff6f"},
    {file = "coverage-7.4.4-cp311-cp311-macosx_10_9_x86_64.whl", hash = "sha256:0f9f50e7ef2a71e2fae92774c99170eb8304e3fdf9c8c3c7ae9bab3e7229c5cf"},
    {file = "coverage-7.4.4-cp311-cp311-macosx_11_0_arm64.whl", hash = "sha256:623512f8ba53c422fcfb2ce68362c97945095b864cda94a92edbaf5994201083"},
    {file = "coverage-7.4.4-cp311-cp311-manylinux_2_17_aarch64.manylinux2014_aarch64.whl", hash = "sha256:0513b9508b93da4e1716744ef6ebc507aff016ba115ffe8ecff744d1322a7b63"},
    {file = "coverage-7.4.4-cp311-cp311-manylinux_2_5_i686.manylinux1_i686.manylinux_2_17_i686.manylinux2014_i686.whl", hash = "sha256:40209e141059b9370a2657c9b15607815359ab3ef9918f0196b6fccce8d3230f"},
    {file = "coverage-7.4.4-cp311-cp311-manylinux_2_5_x86_64.manylinux1_x86_64.manylinux_2_17_x86_64.manylinux2014_x86_64.whl", hash = "sha256:8a2b2b78c78293782fd3767d53e6474582f62443d0504b1554370bde86cc8227"},
    {file = "coverage-7.4.4-cp311-cp311-musllinux_1_1_aarch64.whl", hash = "sha256:73bfb9c09951125d06ee473bed216e2c3742f530fc5acc1383883125de76d9cd"},
    {file = "coverage-7.4.4-cp311-cp311-musllinux_1_1_i686.whl", hash = "sha256:1f384c3cc76aeedce208643697fb3e8437604b512255de6d18dae3f27655a384"},
    {file = "coverage-7.4.4-cp311-cp311-musllinux_1_1_x86_64.whl", hash = "sha256:54eb8d1bf7cacfbf2a3186019bcf01d11c666bd495ed18717162f7eb1e9dd00b"},
    {file = "coverage-7.4.4-cp311-cp311-win32.whl", hash = "sha256:cac99918c7bba15302a2d81f0312c08054a3359eaa1929c7e4b26ebe41e9b286"},
    {file = "coverage-7.4.4-cp311-cp311-win_amd64.whl", hash = "sha256:b14706df8b2de49869ae03a5ccbc211f4041750cd4a66f698df89d44f4bd30ec"},
    {file = "coverage-7.4.4-cp312-cp312-macosx_10_9_x86_64.whl", hash = "sha256:201bef2eea65e0e9c56343115ba3814e896afe6d36ffd37bab783261db430f76"},
    {file = "coverage-7.4.4-cp312-cp312-macosx_11_0_arm64.whl", hash = "sha256:41c9c5f3de16b903b610d09650e5e27adbfa7f500302718c9ffd1c12cf9d6818"},
    {file = "coverage-7.4.4-cp312-cp312-manylinux_2_17_aarch64.manylinux2014_aarch64.whl", hash = "sha256:d898fe162d26929b5960e4e138651f7427048e72c853607f2b200909794ed978"},
    {file = "coverage-7.4.4-cp312-cp312-manylinux_2_5_i686.manylinux1_i686.manylinux_2_17_i686.manylinux2014_i686.whl", hash = "sha256:3ea79bb50e805cd6ac058dfa3b5c8f6c040cb87fe83de10845857f5535d1db70"},
    {file = "coverage-7.4.4-cp312-cp312-manylinux_2_5_x86_64.manylinux1_x86_64.manylinux_2_17_x86_64.manylinux2014_x86_64.whl", hash = "sha256:ce4b94265ca988c3f8e479e741693d143026632672e3ff924f25fab50518dd51"},
    {file = "coverage-7.4.4-cp312-cp312-musllinux_1_1_aarch64.whl", hash = "sha256:00838a35b882694afda09f85e469c96367daa3f3f2b097d846a7216993d37f4c"},
    {file = "coverage-7.4.4-cp312-cp312-musllinux_1_1_i686.whl", hash = "sha256:fdfafb32984684eb03c2d83e1e51f64f0906b11e64482df3c5db936ce3839d48"},
    {file = "coverage-7.4.4-cp312-cp312-musllinux_1_1_x86_64.whl", hash = "sha256:69eb372f7e2ece89f14751fbcbe470295d73ed41ecd37ca36ed2eb47512a6ab9"},
    {file = "coverage-7.4.4-cp312-cp312-win32.whl", hash = "sha256:137eb07173141545e07403cca94ab625cc1cc6bc4c1e97b6e3846270e7e1fea0"},
    {file = "coverage-7.4.4-cp312-cp312-win_amd64.whl", hash = "sha256:d71eec7d83298f1af3326ce0ff1d0ea83c7cb98f72b577097f9083b20bdaf05e"},
    {file = "coverage-7.4.4-cp38-cp38-macosx_10_9_x86_64.whl", hash = "sha256:d5ae728ff3b5401cc320d792866987e7e7e880e6ebd24433b70a33b643bb0384"},
    {file = "coverage-7.4.4-cp38-cp38-macosx_11_0_arm64.whl", hash = "sha256:cc4f1358cb0c78edef3ed237ef2c86056206bb8d9140e73b6b89fbcfcbdd40e1"},
    {file = "coverage-7.4.4-cp38-cp38-manylinux_2_17_aarch64.manylinux2014_aarch64.whl", hash = "sha256:8130a2aa2acb8788e0b56938786c33c7c98562697bf9f4c7d6e8e5e3a0501e4a"},
    {file = "coverage-7.4.4-cp38-cp38-manylinux_2_5_i686.manylinux1_i686.manylinux_2_17_i686.manylinux2014_i686.whl", hash = "sha256:cf271892d13e43bc2b51e6908ec9a6a5094a4df1d8af0bfc360088ee6c684409"},
    {file = "coverage-7.4.4-cp38-cp38-manylinux_2_5_x86_64.manylinux1_x86_64.manylinux_2_17_x86_64.manylinux2014_x86_64.whl", hash = "sha256:a4cdc86d54b5da0df6d3d3a2f0b710949286094c3a6700c21e9015932b81447e"},
    {file = "coverage-7.4.4-cp38-cp38-musllinux_1_1_aarch64.whl", hash = "sha256:ae71e7ddb7a413dd60052e90528f2f65270aad4b509563af6d03d53e979feafd"},
    {file = "coverage-7.4.4-cp38-cp38-musllinux_1_1_i686.whl", hash = "sha256:38dd60d7bf242c4ed5b38e094baf6401faa114fc09e9e6632374388a404f98e7"},
    {file = "coverage-7.4.4-cp38-cp38-musllinux_1_1_x86_64.whl", hash = "sha256:aa5b1c1bfc28384f1f53b69a023d789f72b2e0ab1b3787aae16992a7ca21056c"},
    {file = "coverage-7.4.4-cp38-cp38-win32.whl", hash = "sha256:dfa8fe35a0bb90382837b238fff375de15f0dcdb9ae68ff85f7a63649c98527e"},
    {file = "coverage-7.4.4-cp38-cp38-win_amd64.whl", hash = "sha256:b2991665420a803495e0b90a79233c1433d6ed77ef282e8e152a324bbbc5e0c8"},
    {file = "coverage-7.4.4-cp39-cp39-macosx_10_9_x86_64.whl", hash = "sha256:3b799445b9f7ee8bf299cfaed6f5b226c0037b74886a4e11515e569b36fe310d"},
    {file = "coverage-7.4.4-cp39-cp39-macosx_11_0_arm64.whl", hash = "sha256:b4d33f418f46362995f1e9d4f3a35a1b6322cb959c31d88ae56b0298e1c22357"},
    {file = "coverage-7.4.4-cp39-cp39-manylinux_2_17_aarch64.manylinux2014_aarch64.whl", hash = "sha256:aadacf9a2f407a4688d700e4ebab33a7e2e408f2ca04dbf4aef17585389eff3e"},
    {file = "coverage-7.4.4-cp39-cp39-manylinux_2_5_i686.manylinux1_i686.manylinux_2_17_i686.manylinux2014_i686.whl", hash = "sha256:7c95949560050d04d46b919301826525597f07b33beba6187d04fa64d47ac82e"},
    {file = "coverage-7.4.4-cp39-cp39-manylinux_2_5_x86_64.manylinux1_x86_64.manylinux_2_17_x86_64.manylinux2014_x86_64.whl", hash = "sha256:ff7687ca3d7028d8a5f0ebae95a6e4827c5616b31a4ee1192bdfde697db110d4"},
    {file = "coverage-7.4.4-cp39-cp39-musllinux_1_1_aarch64.whl", hash = "sha256:5fc1de20b2d4a061b3df27ab9b7c7111e9a710f10dc2b84d33a4ab25065994ec"},
    {file = "coverage-7.4.4-cp39-cp39-musllinux_1_1_i686.whl", hash = "sha256:c74880fc64d4958159fbd537a091d2a585448a8f8508bf248d72112723974cbd"},
    {file = "coverage-7.4.4-cp39-cp39-musllinux_1_1_x86_64.whl", hash = "sha256:742a76a12aa45b44d236815d282b03cfb1de3b4323f3e4ec933acfae08e54ade"},
    {file = "coverage-7.4.4-cp39-cp39-win32.whl", hash = "sha256:d89d7b2974cae412400e88f35d86af72208e1ede1a541954af5d944a8ba46c57"},
    {file = "coverage-7.4.4-cp39-cp39-win_amd64.whl", hash = "sha256:9ca28a302acb19b6af89e90f33ee3e1906961f94b54ea37de6737b7ca9d8827c"},
    {file = "coverage-7.4.4-pp38.pp39.pp310-none-any.whl", hash = "sha256:b2c5edc4ac10a7ef6605a966c58929ec6c1bd0917fb8c15cb3363f65aa40e677"},
    {file = "coverage-7.4.4.tar.gz", hash = "sha256:c901df83d097649e257e803be22592aedfd5182f07b3cc87d640bbb9afd50f49"},
]

[package.extras]
toml = ["tomli"]

[[package]]
name = "cx-freeze"
version = "6.15.16"
description = "Create standalone executables from Python scripts"
category = "main"
optional = false
python-versions = ">=3.7.4"
files = [
    {file = "cx_Freeze-6.15.16-cp310-cp310-macosx_10_9_x86_64.whl", hash = "sha256:cc0707ac48697e60c9448784b1a90f1801ac8ab169949530fbb2c4d15197afb5"},
    {file = "cx_Freeze-6.15.16-cp310-cp310-macosx_11_0_arm64.whl", hash = "sha256:5a7871c387ee717d7b9952adc02137106e1c6c62cb8502fde9af6e8de9df2487"},
    {file = "cx_Freeze-6.15.16-cp310-cp310-manylinux_2_17_aarch64.manylinux2014_aarch64.whl", hash = "sha256:bc6fc221e693b43c1273ac8d09ec881996f04b379539b571fb5fb2215ac23959"},
    {file = "cx_Freeze-6.15.16-cp310-cp310-manylinux_2_17_ppc64le.manylinux2014_ppc64le.whl", hash = "sha256:244f1a16892ec5bd0c22264a1c877a50a465037c10efdb6618ad092264c40888"},
    {file = "cx_Freeze-6.15.16-cp310-cp310-manylinux_2_17_x86_64.manylinux2014_x86_64.whl", hash = "sha256:db930db1bb3784b3ea47d2066271ca308b3aa1507a78c5ae42d9be40f21e10a8"},
    {file = "cx_Freeze-6.15.16-cp310-cp310-musllinux_1_1_aarch64.whl", hash = "sha256:378f092872c00b7990b2f13f0490c0b6323d05025e08537287d98848724a38c8"},
    {file = "cx_Freeze-6.15.16-cp310-cp310-musllinux_1_1_ppc64le.whl", hash = "sha256:20b3e07c7b60d2ab0fd1b7342ab7a7880d69dd5f9aa455d182ec8f770e7c1389"},
    {file = "cx_Freeze-6.15.16-cp310-cp310-musllinux_1_1_x86_64.whl", hash = "sha256:d06784d7ec187a9cd2094762c946334d24fe0b005f6162bd5518e9394a021e66"},
    {file = "cx_Freeze-6.15.16-cp310-cp310-win32.whl", hash = "sha256:d4400540a2f086d49d6143de3edb5212dd6f15f776a4967b863862b529ae2379"},
    {file = "cx_Freeze-6.15.16-cp310-cp310-win_amd64.whl", hash = "sha256:ebb0f7d16095aeec63e2972627d2641b559f0367ed481c5a4c7db2b485c497af"},
    {file = "cx_Freeze-6.15.16-cp311-cp311-macosx_10_9_x86_64.whl", hash = "sha256:fa2d81b75ba395c43112c8cdcbfe0eb96a584ee20a1c8c65f351cfee1b2b5011"},
    {file = "cx_Freeze-6.15.16-cp311-cp311-macosx_11_0_arm64.whl", hash = "sha256:47d01d580179475b5bca2d6b4daac980a71f511c9fbc1835862c1a5be8093f0c"},
    {file = "cx_Freeze-6.15.16-cp311-cp311-manylinux_2_17_aarch64.manylinux2014_aarch64.whl", hash = "sha256:34748640132bbb32cd7360b77400afef83da3fc1e17087991eb67f3ccd8861e6"},
    {file = "cx_Freeze-6.15.16-cp311-cp311-manylinux_2_17_ppc64le.manylinux2014_ppc64le.whl", hash = "sha256:5b1189e582da663fb43968ff0e42f3b88685d25c9a760183c520fe995323d55b"},
    {file = "cx_Freeze-6.15.16-cp311-cp311-manylinux_2_17_x86_64.manylinux2014_x86_64.whl", hash = "sha256:5da927ea634f4e3106409ebfcbe108c7f80f4e71ba6bb0addf87a5a4e32da82e"},
    {file = "cx_Freeze-6.15.16-cp311-cp311-musllinux_1_1_aarch64.whl", hash = "sha256:319344d81a2fc35f500c5a41555394848afe721cd0c084345b7ffa8f605b1d5e"},
    {file = "cx_Freeze-6.15.16-cp311-cp311-musllinux_1_1_ppc64le.whl", hash = "sha256:d9f5f7a7e8978d22913e273580c715d93419134092c67b9b305ff7a902d26aa2"},
    {file = "cx_Freeze-6.15.16-cp311-cp311-musllinux_1_1_x86_64.whl", hash = "sha256:eb850a5953407781a2a6a8ad65247bee8e85fb802534adb7701fb0b3e437cd87"},
    {file = "cx_Freeze-6.15.16-cp311-cp311-win32.whl", hash = "sha256:950b1e75919fa200b567880a452b3d0bfe7ed2dda87e1efb4790446aaa28b207"},
    {file = "cx_Freeze-6.15.16-cp311-cp311-win_amd64.whl", hash = "sha256:af91d44b50baec3584695d4f48b0a67828564dcc5ec5e94c6e62e4ccc31d4f1c"},
    {file = "cx_Freeze-6.15.16-cp37-cp37m-macosx_10_9_x86_64.whl", hash = "sha256:a5a22fffec4f85f607a1e9a8c6831c22d3c1d3bd3bc8eef53dfbb1bbc7141455"},
    {file = "cx_Freeze-6.15.16-cp37-cp37m-manylinux_2_17_aarch64.manylinux2014_aarch64.whl", hash = "sha256:a4778df713da43b6a9ad934fba723ed11d2ebbe46ab8943f91013d138bf08f17"},
    {file = "cx_Freeze-6.15.16-cp37-cp37m-manylinux_2_17_ppc64le.manylinux2014_ppc64le.whl", hash = "sha256:b0b37f6fe4c1b3be3f9b635f7211991cdb7d434d2e975556e4a3a0a0456cc7f4"},
    {file = "cx_Freeze-6.15.16-cp37-cp37m-manylinux_2_17_x86_64.manylinux2014_x86_64.whl", hash = "sha256:08f19777356fd74147b03195a7873cf0cb1029ea324a4941ba3648b9c7eb547e"},
    {file = "cx_Freeze-6.15.16-cp37-cp37m-musllinux_1_1_aarch64.whl", hash = "sha256:55ae59b0c39fd5b29513090ce76701185d3cf85c5915b01dd82da1f3280e4fbc"},
    {file = "cx_Freeze-6.15.16-cp37-cp37m-musllinux_1_1_ppc64le.whl", hash = "sha256:dbf8c4fb960f721754d3e40266734e5873792e80e8f25dc2a70b7d74c34801ca"},
    {file = "cx_Freeze-6.15.16-cp37-cp37m-musllinux_1_1_x86_64.whl", hash = "sha256:b588c4d31b68680f63eb1119e0ec7fb19df7eb30a8d3d7551e7644d53c7d2015"},
    {file = "cx_Freeze-6.15.16-cp37-cp37m-win32.whl", hash = "sha256:ec9a6027ba6ccdfa4c98548f7abf64a5b606d6c681b48ec4badda6548687562a"},
    {file = "cx_Freeze-6.15.16-cp37-cp37m-win_amd64.whl", hash = "sha256:6bf9986e6a60588899fd3841790f5f32aa10ce6c0c92e0d0cec82d4d23ce5067"},
    {file = "cx_Freeze-6.15.16-cp38-cp38-macosx_10_9_x86_64.whl", hash = "sha256:ddb4d40c107e83a44265bfc5e730d4e0d1dfebf6c6a0854633b2127bd80eaac5"},
    {file = "cx_Freeze-6.15.16-cp38-cp38-manylinux_2_17_x86_64.manylinux2014_x86_64.whl", hash = "sha256:c6be981c5375ce5d02b79deb42d182931ea0c90f0832ff2fdf1bb1df13936b8e"},
    {file = "cx_Freeze-6.15.16-cp38-cp38-musllinux_1_1_x86_64.whl", hash = "sha256:9b191d6e250290c023b868bbc8777294b9bbdd637e511e5ab696ca50bc3581a8"},
    {file = "cx_Freeze-6.15.16-cp38-cp38-win32.whl", hash = "sha256:30d5ba849aa1d2d232192964091d2b239ec07dc7229eb50516f24791b45e565e"},
    {file = "cx_Freeze-6.15.16-cp38-cp38-win_amd64.whl", hash = "sha256:a478fc5728ba95edb5a42b895ed948d79eac659e15abb1b3e56176e8a1868f4f"},
    {file = "cx_Freeze-6.15.16-cp39-cp39-macosx_10_9_x86_64.whl", hash = "sha256:915b556fbf8bff0707579a8bf3ac532db9debadf8e482c01624ceeaa9b02cd2b"},
    {file = "cx_Freeze-6.15.16-cp39-cp39-manylinux_2_17_x86_64.manylinux2014_x86_64.whl", hash = "sha256:f6c2fcca72f6a399c01a3c7c8cfd6926245f7e05455299ed5a495c1121120440"},
    {file = "cx_Freeze-6.15.16-cp39-cp39-musllinux_1_1_x86_64.whl", hash = "sha256:e7e2fe108906986460f397662bfe8800be3b54f70f1e86922ca29f49771a459d"},
    {file = "cx_Freeze-6.15.16-cp39-cp39-win32.whl", hash = "sha256:1ce29f82d0838fb918dfed347884fc53ed2490e47fe31de620a3fff96cd1f556"},
    {file = "cx_Freeze-6.15.16-cp39-cp39-win_amd64.whl", hash = "sha256:a6647ca758d3f3b6fab83755a3a8ea7c112a0cad1c0a61edaeb9eea754a3e22f"},
    {file = "cx_Freeze-6.15.16.tar.gz", hash = "sha256:c63991886ff2a5319f8f0d07c0349a6bbe1a65b5f320f8b9243888e63c9a4a22"},
]

[package.dependencies]
cx-Logging = {version = ">=3.1", markers = "sys_platform == \"win32\""}
lief = {version = ">=0.12.0,<0.15.0", markers = "sys_platform == \"win32\""}
patchelf = {version = ">=0.14", markers = "sys_platform == \"linux\" and platform_machine == \"aarch64\" or sys_platform == \"linux\" and platform_machine == \"armv7l\" or sys_platform == \"linux\" and platform_machine == \"i686\" or sys_platform == \"linux\" and platform_machine == \"ppc64le\" or sys_platform == \"linux\" and platform_machine == \"s390x\" or sys_platform == \"linux\" and platform_machine == \"x86_64\""}
setuptools = ">=62.6,<70"
wheel = ">=0.38.4,<=0.43.0"

[package.extras]
dev = ["bump-my-version (==0.11.0)", "cibuildwheel (>=2.13.1)", "pre-commit (>=2.21.0)"]
doc = ["furo (==2024.1.29)", "sphinx (>=7.1.2,<=7.2.6)", "sphinx-new-tab-link (==0.3.1)", "sphinx-tabs (==3.4.5)"]
test = ["pytest (>=7.4.0)", "pytest-cov (>=4.1.0)", "pytest-datafiles (==3.0.0)", "pytest-mock (>=3.11.1)", "pytest-timeout (>=2.1.0)", "pytest-xdist[psutil] (>=3.3.1)"]

[[package]]
name = "cx-logging"
version = "3.2.0"
description = "Python and C interfaces for logging"
category = "main"
optional = false
python-versions = ">=3.8"
files = [
    {file = "cx_Logging-3.2.0-cp310-cp310-manylinux_2_17_aarch64.manylinux2014_aarch64.whl", hash = "sha256:d40c1a4dcd54eff3335f34a2f9af9e29f29b45441fa99f90d6710ffae130a826"},
    {file = "cx_Logging-3.2.0-cp310-cp310-manylinux_2_17_x86_64.manylinux2014_x86_64.whl", hash = "sha256:705c1baf94ac49ba7bc807deeef18e1613b27ebdfacb15ab5702ec07f5f04446"},
    {file = "cx_Logging-3.2.0-cp310-cp310-win32.whl", hash = "sha256:3a0e153c9ed70ea5f8cea27c34052fd815d93d0858c7867f926274b5ccb04ee5"},
    {file = "cx_Logging-3.2.0-cp310-cp310-win_amd64.whl", hash = "sha256:20ff0e7ee0da525ca8b31bd4af49819aee220307896f98a68d8794a5c1f6fde2"},
    {file = "cx_Logging-3.2.0-cp311-cp311-manylinux_2_17_aarch64.manylinux2014_aarch64.whl", hash = "sha256:369dc509e65ceb3244281e89a8db99a7d67bde524d7bc9ab650282d44e153a06"},
    {file = "cx_Logging-3.2.0-cp311-cp311-manylinux_2_17_x86_64.manylinux2014_x86_64.whl", hash = "sha256:12e7713ffed11d7020b35623470c24af3223175ae38ea93797712e55219648e1"},
    {file = "cx_Logging-3.2.0-cp311-cp311-win32.whl", hash = "sha256:77449b6c48902ec24d876643d66a37d841c6aa425f4f0ae7ff64bf53e3565e11"},
    {file = "cx_Logging-3.2.0-cp311-cp311-win_amd64.whl", hash = "sha256:e0cfcd5c88694e062465db50410be53ce5a957ad3d50b90a8f4bd03c98f73c7b"},
    {file = "cx_Logging-3.2.0-cp312-cp312-manylinux_2_17_aarch64.manylinux2014_aarch64.whl", hash = "sha256:031fe74ca61bf6084d64e835a7801b3c8d8758737fcadae234ba8b09a16d1368"},
    {file = "cx_Logging-3.2.0-cp312-cp312-manylinux_2_17_x86_64.manylinux2014_x86_64.whl", hash = "sha256:2d29550bec4fdd7ce05b23ae6d3539a33060feb24ff39d5cbb89925d59b018b7"},
    {file = "cx_Logging-3.2.0-cp312-cp312-win32.whl", hash = "sha256:4328097f6034be241e02146af8e199382e7f30019272c26768e4cd3e5122d3f9"},
    {file = "cx_Logging-3.2.0-cp312-cp312-win_amd64.whl", hash = "sha256:2496386a36f63233fe77e7e68539910b9429df2f922be1af71309be59dca11f3"},
    {file = "cx_Logging-3.2.0-cp38-cp38-manylinux_2_17_aarch64.manylinux2014_aarch64.whl", hash = "sha256:03b725bbbe455a87c92c125e246a8c0c1f44bb20c7af0048e4c209cfc2a1a180"},
    {file = "cx_Logging-3.2.0-cp38-cp38-manylinux_2_17_x86_64.manylinux2014_x86_64.whl", hash = "sha256:ac2957603ec1b1d3f7274b834ade52fb3004e0d4b9e3414b8593c60de5e3cf39"},
    {file = "cx_Logging-3.2.0-cp38-cp38-win32.whl", hash = "sha256:08bf89fa288c4aae9ad34534813aea1e275beb052bc40c7e4ef76862954c61b7"},
    {file = "cx_Logging-3.2.0-cp38-cp38-win_amd64.whl", hash = "sha256:e7c883b1cfd76a44ded9677333bebb01e50970b52bdc5746cc2f45a661cebb7a"},
    {file = "cx_Logging-3.2.0-cp39-cp39-manylinux_2_17_aarch64.manylinux2014_aarch64.whl", hash = "sha256:00f23737f81d6b88a74b4f33bce5ea114283aab153a0d6c290b0626e5deb7978"},
    {file = "cx_Logging-3.2.0-cp39-cp39-manylinux_2_17_x86_64.manylinux2014_x86_64.whl", hash = "sha256:1f40486414ba63fef003167c6942a08fd699b3197d359ca56441ddf2d82a7e6d"},
    {file = "cx_Logging-3.2.0-cp39-cp39-win32.whl", hash = "sha256:7d85861c70012c24415e488cff14ec6ba029d097b4d2b4d3effd6a5b1d5ce287"},
    {file = "cx_Logging-3.2.0-cp39-cp39-win_amd64.whl", hash = "sha256:aafd5c2156751e473b4a8d331d01e70e872b235068da2158a29e377777baac63"},
    {file = "cx_Logging-3.2.0.tar.gz", hash = "sha256:bdbad6d2e6a0cc5bef962a34d7aa1232e88ea9f3541d6e2881675b5e7eab5502"},
]

[[package]]
name = "gitdb"
version = "4.0.11"
description = "Git Object Database"
category = "main"
optional = false
python-versions = ">=3.7"
files = [
    {file = "gitdb-4.0.11-py3-none-any.whl", hash = "sha256:81a3407ddd2ee8df444cbacea00e2d038e40150acfa3001696fe0dcf1d3adfa4"},
    {file = "gitdb-4.0.11.tar.gz", hash = "sha256:bf5421126136d6d0af55bc1e7c1af1c397a34f5b7bd79e776cd3e89785c2b04b"},
]

[package.dependencies]
smmap = ">=3.0.1,<6"

[[package]]
name = "gitpython"
version = "3.1.43"
description = "GitPython is a Python library used to interact with Git repositories"
category = "main"
optional = false
python-versions = ">=3.7"
files = [
    {file = "GitPython-3.1.43-py3-none-any.whl", hash = "sha256:eec7ec56b92aad751f9912a73404bc02ba212a23adb2c7098ee668417051a1ff"},
    {file = "GitPython-3.1.43.tar.gz", hash = "sha256:35f314a9f878467f5453cc1fee295c3e18e52f1b99f10f6cf5b1682e968a9e7c"},
]

[package.dependencies]
gitdb = ">=4.0.1,<5"

[package.extras]
doc = ["sphinx (==4.3.2)", "sphinx-autodoc-typehints", "sphinx-rtd-theme", "sphinxcontrib-applehelp (>=1.0.2,<=1.0.4)", "sphinxcontrib-devhelp (==1.0.2)", "sphinxcontrib-htmlhelp (>=2.0.0,<=2.0.1)", "sphinxcontrib-qthelp (==1.0.3)", "sphinxcontrib-serializinghtml (==1.1.5)"]
test = ["coverage[toml]", "ddt (>=1.1.1,!=1.4.3)", "mock", "mypy", "pre-commit", "pytest (>=7.3.1)", "pytest-cov", "pytest-instafail", "pytest-mock", "pytest-sugar", "typing-extensions"]

[[package]]
name = "iniconfig"
version = "2.0.0"
description = "brain-dead simple config-ini parsing"
category = "dev"
optional = false
python-versions = ">=3.7"
files = [
    {file = "iniconfig-2.0.0-py3-none-any.whl", hash = "sha256:b6a85871a79d2e3b22d2d1b94ac2824226a63c6b741c88f7ae975f18b6778374"},
    {file = "iniconfig-2.0.0.tar.gz", hash = "sha256:2d91e135bf72d31a410b17c16da610a82cb55f6b0477d1a902134b24a455b8b3"},
]

[[package]]
name = "kkbuild"
version = "0.3.2"
description = "Building blocks for creating various build pipelines"
category = "main"
optional = false
python-versions = ">=3.11,<4.0"
files = [
    {file = "kkbuild-0.3.2-py3-none-any.whl", hash = "sha256:4b1edecdb497ad1b881b92dab82e7981a68e47d408d791432f0900bb2ddab21b"},
    {file = "kkbuild-0.3.2.tar.gz", hash = "sha256:8701d9cc064fc0d557eed2de97247b32925cfb6e9d7df2899a19e4d95a656e7a"},
]

[package.dependencies]
kkpyutil = "*"

[[package]]
name = "kkpyui"
version = "0.29.8"
description = "Tkinter-based GUI widget library for building small tool applications"
category = "main"
optional = false
python-versions = "<4.0,>=3.11"
files = [
    {file = "kkpyui-0.29.8-py3-none-any.whl", hash = "sha256:fc5e62f21506cf9553ed6c089de8766854e4486a1848ce067d44e937446818bc"},
    {file = "kkpyui-0.29.8.tar.gz", hash = "sha256:8d674704c3e355a12e38ec900ad14c70e5709247bc9068a7d61311d03f50d675"},
]

[package.dependencies]
kkpyutil = "*"

[[package]]
name = "kkpyutil"
version = "1.33.6"
description = "Building blocks for sysadmin and DevOps"
category = "main"
optional = false
python-versions = "<4.0,>=3.9"
files = [
    {file = "kkpyutil-1.33.6-py3-none-any.whl", hash = "sha256:4a14ed10dcb57b0eeb966603b6d0843935983a3537cef9dda1aee3771ccca973"},
    {file = "kkpyutil-1.33.6.tar.gz", hash = "sha256:4f9cce2f7d814892c0bb23ecf5129a29fae834b6605c70eec918af15ddf2f99f"},
]

[[package]]
name = "lief"
version = "0.14.1"
description = "Library to instrument executable formats"
category = "main"
optional = false
python-versions = ">=3.8"
files = [
    {file = "lief-0.14.1-cp310-cp310-macosx_11_0_arm64.whl", hash = "sha256:7a9a94882f9af110fb01b4558a58941d2352b9a4ae3fef15570a3fab921ff462"},
    {file = "lief-0.14.1-cp310-cp310-macosx_11_0_x86_64.whl", hash = "sha256:bcc06f24f64fa6f20372d625ce60c40a7a6f669e11bdd02c2f0b8c5c6d09a5ee"},
    {file = "lief-0.14.1-cp310-cp310-manylinux2014_aarch64.whl", hash = "sha256:d22f804eee7f1b4a4b37e7a3d35e2003c4c054f3450d40389e54c8ac9fc2a5db"},
    {file = "lief-0.14.1-cp310-cp310-manylinux_2_28_x86_64.manylinux_2_27_x86_64.whl", hash = "sha256:26134815adecfd7f15dfbdf12cc64df25bcf3d0db917cf115fc3b296d09be496"},
    {file = "lief-0.14.1-cp310-cp310-win32.whl", hash = "sha256:6ca0220189698599df30b8044f43fb1fc7ba919fb9ef6047c892f9faee16393a"},
    {file = "lief-0.14.1-cp310-cp310-win_amd64.whl", hash = "sha256:c321234b50997c217107c09e69f53518c37fac637f8735c968c258dd4c748fb2"},
    {file = "lief-0.14.1-cp311-cp311-macosx_11_0_arm64.whl", hash = "sha256:3ca365c704c6b6b1ce631b92fea2eddaf93d66c897a0ec4ab51e9ab9e3345920"},
    {file = "lief-0.14.1-cp311-cp311-macosx_11_0_x86_64.whl", hash = "sha256:1f3c40eadff07a4c8fa74f1e268f9fa70b68f39b6795a00cd82160ca6782d5c3"},
    {file = "lief-0.14.1-cp311-cp311-manylinux2014_aarch64.whl", hash = "sha256:c202ed13b641db2e1f8a24743fb0c85595b32ea92cc3c517d3f7a9977e16dcb4"},
    {file = "lief-0.14.1-cp311-cp311-manylinux_2_28_x86_64.manylinux_2_27_x86_64.whl", hash = "sha256:fd481bfdfef04e8be4d200bca771d0d9394d9146c6cd403f9e58c80c4196a24e"},
    {file = "lief-0.14.1-cp311-cp311-win32.whl", hash = "sha256:473e9a37beef8db8bab1a777271aa49cce44dfe35af65cb8fad576377518c0bd"},
    {file = "lief-0.14.1-cp311-cp311-win_amd64.whl", hash = "sha256:24f687244e14d4a8307430babc5c712a1dd4e519172886ad4aeb9825f88f7569"},
    {file = "lief-0.14.1-cp312-cp312-macosx_11_0_arm64.whl", hash = "sha256:6df40e3750b8b26f88a6b28ac01db7338cdb6158f28363c755bf36452ce20d28"},
    {file = "lief-0.14.1-cp312-cp312-macosx_11_0_x86_64.whl", hash = "sha256:e7f7a55db2fcf269569f9e9fa5ea752620396de17bd9d29fc8b29e176975ecdb"},
    {file = "lief-0.14.1-cp312-cp312-manylinux2014_aarch64.whl", hash = "sha256:50795b51884b76a78c481d6d069d992561c217180bd81cf12554180389eff0a3"},
    {file = "lief-0.14.1-cp312-cp312-manylinux_2_28_x86_64.manylinux_2_27_x86_64.whl", hash = "sha256:497b88f9c9aaae999766ba188744ee35c5f38b4b64016f7dbb7037e9bf325382"},
    {file = "lief-0.14.1-cp312-cp312-win32.whl", hash = "sha256:08bad88083f696915f8dcda4042a3bfc514e17462924ec8984085838b2261921"},
    {file = "lief-0.14.1-cp312-cp312-win_amd64.whl", hash = "sha256:e131d6158a085f8a72124136816fefc29405c725cd3695ce22a904e471f0f815"},
    {file = "lief-0.14.1-cp38-cp38-macosx_11_0_arm64.whl", hash = "sha256:df650fa05ca131e4dfeb42c77985e1eb239730af9944bc0aadb1dfac8576e0e8"},
    {file = "lief-0.14.1-cp38-cp38-macosx_11_0_x86_64.whl", hash = "sha256:b4e76eeb48ca2925c6ca6034d408582615f2faa855f9bb11482e7acbdecc4803"},
    {file = "lief-0.14.1-cp38-cp38-manylinux2014_aarch64.whl", hash = "sha256:016e4fac91303466024154dd3c4b599e8b7c52882f72038b62a2be386d98c8f9"},
    {file = "lief-0.14.1-cp38-cp38-manylinux_2_28_x86_64.manylinux_2_27_x86_64.whl", hash = "sha256:9a5c7732a3ce53b306c8180ab64fdfb36d8cd9df91aedd9e2b4dad9faf47492b"},
    {file = "lief-0.14.1-cp38-cp38-win32.whl", hash = "sha256:7030c22a4446ea2ac673fd50128e9c639121c0a4dae11ca1cd8cc20d62d26e7e"},
    {file = "lief-0.14.1-cp38-cp38-win_amd64.whl", hash = "sha256:4a35ceeee74bb9bb4c7171f4bca814576a3aa6dec16a0a9469e5743db0a9ba0c"},
    {file = "lief-0.14.1-cp39-cp39-macosx_11_0_arm64.whl", hash = "sha256:abb15e4de34e70661fd35e87e2634abf0ae57a8c8ac78d02ad4259f5a5817e26"},
    {file = "lief-0.14.1-cp39-cp39-macosx_11_0_x86_64.whl", hash = "sha256:33d062340c709c1a33539d221ea3cb764cbb8d7c9ee8aae28bf9797bc8715a0b"},
    {file = "lief-0.14.1-cp39-cp39-manylinux2014_aarch64.whl", hash = "sha256:66deb1b26de43acb2fd0b2fc5e6be70093eaaa93797332cc4613e163164c77e7"},
    {file = "lief-0.14.1-cp39-cp39-manylinux_2_28_x86_64.manylinux_2_27_x86_64.whl", hash = "sha256:c1c15bd3e5b15da6dcc0ba75d5549f15bfbf9214c0d8e3938f85877a40c352d9"},
    {file = "lief-0.14.1-cp39-cp39-win32.whl", hash = "sha256:ebcbe4eadd33d8cf2c6015f44d6c9b72f81388af745938e633c4bb90262b2036"},
    {file = "lief-0.14.1-cp39-cp39-win_amd64.whl", hash = "sha256:2db3eb282a35daf51f89c6509226668a08fb6a6d1f507dd549dd9f077585db11"},
]

[[package]]
name = "packaging"
version = "24.0"
description = "Core utilities for Python packages"
category = "dev"
optional = false
python-versions = ">=3.7"
files = [
    {file = "packaging-24.0-py3-none-any.whl", hash = "sha256:2ddfb553fdf02fb784c234c7ba6ccc288296ceabec964ad2eae3777778130bc5"},
    {file = "packaging-24.0.tar.gz", hash = "sha256:eb82c5e3e56209074766e6885bb04b8c38a0c015d0a30036ebe7ece34c9989e9"},
]

[[package]]
name = "patchelf"
version = "0.17.2.1"
description = "A small utility to modify the dynamic linker and RPATH of ELF executables."
category = "main"
optional = false
python-versions = "*"
files = [
    {file = "patchelf-0.17.2.1-py2.py3-none-manylinux_2_17_aarch64.manylinux2014_aarch64.musllinux_1_1_aarch64.whl", hash = "sha256:fc329da0e8f628bd836dfb8eaf523547e342351fa8f739bf2b3fe4a6db5a297c"},
    {file = "patchelf-0.17.2.1-py2.py3-none-manylinux_2_17_armv7l.manylinux2014_armv7l.musllinux_1_1_armv7l.whl", hash = "sha256:ccb266a94edf016efe80151172c26cff8c2ec120a57a1665d257b0442784195d"},
    {file = "patchelf-0.17.2.1-py2.py3-none-manylinux_2_17_ppc64le.manylinux2014_ppc64le.musllinux_1_1_ppc64le.whl", hash = "sha256:f47b5bdd6885cfb20abdd14c707d26eb6f499a7f52e911865548d4aa43385502"},
    {file = "patchelf-0.17.2.1-py2.py3-none-manylinux_2_17_s390x.manylinux2014_s390x.musllinux_1_1_s390x.whl", hash = "sha256:a9e6ebb0874a11f7ed56d2380bfaa95f00612b23b15f896583da30c2059fcfa8"},
    {file = "patchelf-0.17.2.1-py2.py3-none-manylinux_2_5_i686.manylinux1_i686.musllinux_1_1_i686.whl", hash = "sha256:3c8d58f0e4c1929b1c7c45ba8da5a84a8f1aa6a82a46e1cfb2e44a4d40f350e5"},
    {file = "patchelf-0.17.2.1-py2.py3-none-manylinux_2_5_x86_64.manylinux1_x86_64.musllinux_1_1_x86_64.whl", hash = "sha256:d1a9bc0d4fd80c038523ebdc451a1cce75237cfcc52dbd1aca224578001d5927"},
    {file = "patchelf-0.17.2.1.tar.gz", hash = "sha256:a6eb0dd452ce4127d0d5e1eb26515e39186fa609364274bc1b0b77539cfa7031"},
]

[package.extras]
test = ["importlib-metadata", "pytest"]

[[package]]
name = "pluggy"
version = "1.4.0"
description = "plugin and hook calling mechanisms for python"
category = "dev"
optional = false
python-versions = ">=3.8"
files = [
    {file = "pluggy-1.4.0-py3-none-any.whl", hash = "sha256:7db9f7b503d67d1c5b95f59773ebb58a8c1c288129a88665838012cfb07b8981"},
    {file = "pluggy-1.4.0.tar.gz", hash = "sha256:8c85c2876142a764e5b7548e7d9a0e0ddb46f5185161049a79b7e974454223be"},
]

[package.extras]
dev = ["pre-commit", "tox"]
testing = ["pytest", "pytest-benchmark"]

[[package]]
name = "pytest"
version = "8.1.1"
description = "pytest: simple powerful testing with Python"
category = "dev"
optional = false
python-versions = ">=3.8"
files = [
    {file = "pytest-8.1.1-py3-none-any.whl", hash = "sha256:2a8386cfc11fa9d2c50ee7b2a57e7d898ef90470a7a34c4b949ff59662bb78b7"},
    {file = "pytest-8.1.1.tar.gz", hash = "sha256:ac978141a75948948817d360297b7aae0fcb9d6ff6bc9ec6d514b85d5a65c044"},
]

[package.dependencies]
colorama = {version = "*", markers = "sys_platform == \"win32\""}
iniconfig = "*"
packaging = "*"
pluggy = ">=1.4,<2.0"

[package.extras]
testing = ["argcomplete", "attrs (>=19.2)", "hypothesis (>=3.56)", "mock", "pygments (>=2.7.2)", "requests", "setuptools", "xmlschema"]

[[package]]
name = "python-osc"
version = "1.8.3"
description = "Open Sound Control server and client implementations in pure Python"
category = "dev"
optional = false
python-versions = ">=3.7"
files = [
    {file = "python-osc-1.8.3.tar.gz", hash = "sha256:a5ce1ba56c8d82df51cb3f2946b5dd33a70522791acc4b8564e62d2b20ad9caa"},
    {file = "python_osc-1.8.3-py3-none-any.whl", hash = "sha256:6fa7e5cf7690057712c26e5f67a747126e6a5f481a40792aad0f25ac3edee815"},
]

[[package]]
name = "setuptools"
version = "69.2.0"
description = "Easily download, build, install, upgrade, and uninstall Python packages"
category = "main"
optional = false
python-versions = ">=3.8"
files = [
    {file = "setuptools-69.2.0-py3-none-any.whl", hash = "sha256:c21c49fb1042386df081cb5d86759792ab89efca84cf114889191cd09aacc80c"},
    {file = "setuptools-69.2.0.tar.gz", hash = "sha256:0ff4183f8f42cd8fa3acea16c45205521a4ef28f73c6391d8a25e92893134f2e"},
]

[package.extras]
docs = ["furo", "jaraco.packaging (>=9.3)", "jaraco.tidelift (>=1.4)", "pygments-github-lexers (==0.0.5)", "rst.linker (>=1.9)", "sphinx (<7.2.5)", "sphinx (>=3.5)", "sphinx-favicon", "sphinx-inline-tabs", "sphinx-lint", "sphinx-notfound-page (>=1,<2)", "sphinx-reredirects", "sphinxcontrib-towncrier"]
testing = ["build[virtualenv]", "filelock (>=3.4.0)", "importlib-metadata", "ini2toml[lite] (>=0.9)", "jaraco.develop (>=7.21)", "jaraco.envs (>=2.2)", "jaraco.path (>=3.2.0)", "mypy (==1.9)", "packaging (>=23.2)", "pip (>=19.1)", "pytest (>=6)", "pytest-checkdocs (>=2.4)", "pytest-cov", "pytest-enabler (>=2.2)", "pytest-home (>=0.5)", "pytest-mypy (>=0.9.1)", "pytest-perf", "pytest-ruff (>=0.2.1)", "pytest-timeout", "pytest-xdist (>=3)", "tomli", "tomli-w (>=1.0.0)", "virtualenv (>=13.0.0)", "wheel"]
testing-integration = ["build[virtualenv] (>=1.0.3)", "filelock (>=3.4.0)", "jaraco.envs (>=2.2)", "jaraco.path (>=3.2.0)", "packaging (>=23.2)", "pytest", "pytest-enabler", "pytest-xdist", "tomli", "virtualenv (>=13.0.0)", "wheel"]

[[package]]
name = "smmap"
version = "5.0.1"
description = "A pure Python implementation of a sliding window memory map manager"
category = "main"
optional = false
python-versions = ">=3.7"
files = [
    {file = "smmap-5.0.1-py3-none-any.whl", hash = "sha256:e6d8668fa5f93e706934a62d7b4db19c8d9eb8cf2adbb75ef1b675aa332b69da"},
    {file = "smmap-5.0.1.tar.gz", hash = "sha256:dceeb6c0028fdb6734471eb07c0cd2aae706ccaecab45965ee83f11c8d3b1f62"},
]

[[package]]
name = "wheel"
version = "0.43.0"
description = "A built-package format for Python"
category = "main"
optional = false
python-versions = ">=3.8"
files = [
    {file = "wheel-0.43.0-py3-none-any.whl", hash = "sha256:55c570405f142630c6b9f72fe09d9b67cf1477fcf543ae5b8dcb1f5b7377da81"},
    {file = "wheel-0.43.0.tar.gz", hash = "sha256:465ef92c69fa5c5da2d1cf8ac40559a8c940886afcef87dcf14b9470862f1d85"},
]

[package.extras]
test = ["pytest (>=6.0.0)", "setuptools (>=65)"]

[metadata]
lock-version = "2.0"
python-versions = "^3.11"
content-hash = "9fbbcc058f3505755842e4773894646370c71ca26ffff9197f74cf34fb541faa"
