# generated by rye
# use `rye lock` or `rye sync` to update this lockfile
#
# last locked with the following flags:
#   pre: false
#   features: []
#   all-features: false
#   with-sources: false

-e file:.
appdirs==1.4.4
    # via ptpython
argon2-cffi==23.1.0
    # via keyrings-cryptfile
argon2-cffi-bindings==21.2.0
    # via argon2-cffi
cffi==1.16.0
    # via argon2-cffi-bindings
click==8.1.7
    # via sprinko
colorama==0.4.6
    # via click
jaraco-classes==3.4.0
    # via keyring
    # via keyrings-cryptfile
jaraco-context==5.3.0
    # via keyring
jaraco-functools==4.0.0
    # via keyring
jedi==0.19.1
    # via ptpython
keyring==25.1.0
    # via keyrings-cryptfile
keyrings-cryptfile==1.3.9
    # via sprinko
more-itertools==10.2.0
    # via jaraco-classes
    # via jaraco-functools
parso==0.8.4
    # via jedi
prompt-toolkit==3.0.43
    # via ptpython
psutil==5.9.8
    # via sprinko
ptpython==3.0.26
    # via sprinko
pycparser==2.22
    # via cffi
pycryptodome==3.20.0
    # via keyrings-cryptfile
pygments==2.17.2
    # via ptpython
pymasscode==1.0.0b3
    # via sprinko
pywin32-ctypes==0.2.2
    # via keyring
rapidfuzz==3.8.1
    # via thefuzz
readchar==4.0.6
    # via sprinko
setuptools==69.5.1
    # via readchar
thefuzz==0.22.1
    # via pymasscode
wcwidth==0.2.13
    # via prompt-toolkit
