# generated by rye
# use `rye lock` or `rye sync` to update this lockfile
#
# last locked with the following flags:
#   pre: false
#   features: []
#   all-features: false
#   with-sources: false

-e file:.
annotated-types==0.6.0
    # via pydantic
certifi==2024.2.2
    # via requests
charset-normalizer==3.3.2
    # via requests
click==8.1.7
    # via prompt-library
colorama==0.4.6
    # via prompt-library
idna==3.6
    # via requests
pydantic==2.6.4
    # via prompt-library
pydantic-core==2.16.3
    # via pydantic
requests==2.31.0
    # via prompt-library
typing-extensions==4.11.0
    # via pydantic
    # via pydantic-core
urllib3==2.2.1
    # via requests
